
Microsoft Visual Studio Solution File, Format Version 12.00
# Visual Studio 15
VisualStudioVersion = 15.0.27130.2010
MinimumVisualStudioVersion = 10.0.40219.1
Project("{FAE04EC0-301F-11D3-BF4B-00C04F79EFBC}") = "ProjectA", "ProjectA\ProjectA.csproj", "{10DB4EB4-31B8-4894-AF89-06D00D708488}"
EndProject
Project("{FAE04EC0-301F-11D3-BF4B-00C04F79EFBC}") = "ProjectB", "ProjectB\ProjectB.csproj", "{B8B4F602-2A29-48D4-8ED7-D6A6441CB455}"
EndProject
Global
	GlobalSection(SolutionConfigurationPlatforms) = preSolution
		Debug|Any CPU = Debug|Any CPU
		Release|Any CPU = Release|Any CPU
	EndGlobalSection
	GlobalSection(ProjectConfigurationPlatforms) = postSolution
		{10DB4EB4-31B8-4894-AF89-06D00D708488}.Debug|Any CPU.ActiveCfg = Debug|Any CPU
		{10DB4EB4-31B8-4894-AF89-06D00D708488}.Debug|Any CPU.Build.0 = Debug|Any CPU
		{10DB4EB4-31B8-4894-AF89-06D00D708488}.Release|Any CPU.ActiveCfg = Release|Any CPU
		{10DB4EB4-31B8-4894-AF89-06D00D708488}.Release|Any CPU.Build.0 = Release|Any CPU
		{B8B4F602-2A29-48D4-8ED7-D6A6441CB455}.Debug|Any CPU.ActiveCfg = Debug|Any CPU
		{B8B4F602-2A29-48D4-8ED7-D6A6441CB455}.Debug|Any CPU.Build.0 = Debug|Any CPU
		{B8B4F602-2A29-48D4-8ED7-D6A6441CB455}.Release|Any CPU.ActiveCfg = Release|Any CPU
		{B8B4F602-2A29-48D4-8ED7-D6A6441CB455}.Release|Any CPU.Build.0 = Release|Any CPU
	EndGlobalSection
	GlobalSection(SolutionProperties) = preSolution
		HideSolutionNode = FALSE
	EndGlobalSection
	GlobalSection(ExtensibilityGlobals) = postSolution
		SolutionGuid = {01F8C109-104F-45E8-AB62-9B640CB2A742}
	EndGlobalSection
EndGlobal
